
Microsoft Visual Studio Solution File, Format Version 12.00
# Visual Studio Version 17
VisualStudioVersion = 17.14.36811.4 d17.14
MinimumVisualStudioVersion = 10.0.40219.1
Project("{FAE04EC0-301F-11D3-BF4B-00C04F79EFBC}") = "CurrencyTracker", "CurrencyTracker.csproj", "{D7FC3F35-4D15-48EA-9CC3-839249188321}"
EndProject
Global
	GlobalSection(SolutionConfigurationPlatforms) = preSolution
		Debug|Any CPU = Debug|Any CPU
		Release|Any CPU = Release|Any CPU
	EndGlobalSection
	GlobalSection(ProjectConfigurationPlatforms) = postSolution
		{D7FC3F35-4D15-48EA-9CC3-839249188321}.Debug|Any CPU.ActiveCfg = Debug|Any CPU
		{D7FC3F35-4D15-48EA-9CC3-839249188321}.Debug|Any CPU.Build.0 = Debug|Any CPU
		{D7FC3F35-4D15-48EA-9CC3-839249188321}.Release|Any CPU.ActiveCfg = Release|Any CPU
		{D7FC3F35-4D15-48EA-9CC3-839249188321}.Release|Any CPU.Build.0 = Release|Any CPU
	EndGlobalSection
	GlobalSection(SolutionProperties) = preSolution
		HideSolutionNode = FALSE
	EndGlobalSection
	GlobalSection(ExtensibilityGlobals) = postSolution
		SolutionGuid = {7FB27038-8CA2-44E2-9BA6-29A8059789C4}
	EndGlobalSection
EndGlobal
